<?xml version="1.0" encoding="utf-8"?>
<Project ToolsVersion="4.0" xmlns="http://schemas.microsoft.com/developer/msbuild/2003">
  <ItemGroup>
    <ClCompile Include="MainApp.cpp">
      <Filter>01.MainApp</Filter>
    </ClCompile>
    <ClCompile Include="pch.cpp">
      <Filter>99.Utility\99_00.Pch</Filter>
    </ClCompile>
    <ClCompile Include="Game.cpp">
      <Filter>00.Client</Filter>
    </ClCompile>
    <ClCompile Include="Timer_Manager.cpp">
      <Filter>02.Timer_Manager</Filter>
    </ClCompile>
    <ClCompile Include="Bmp_Manager.cpp">
      <Filter>03.Bmp_Manager</Filter>
    </ClCompile>
    <ClCompile Include="MyBmp.cpp">
      <Filter>03.Bmp_Manager\MyBmp</Filter>
    </ClCompile>
    <ClCompile Include="Level_Manager.cpp">
      <Filter>04.Level_Manager</Filter>
    </ClCompile>
    <ClCompile Include="Object_Manager.cpp">
      <Filter>05.Object_Manager</Filter>
    </ClCompile>
    <ClCompile Include="Level.cpp">
      <Filter>04.Level_Manager\Levels</Filter>
    </ClCompile>
    <ClCompile Include="Level_Menu.cpp">
      <Filter>04.Level_Manager\Levels\04_01.Level_Menu</Filter>
    </ClCompile>
    <ClCompile Include="Level_Choice.cpp">
      <Filter>04.Level_Manager\Levels\04_03.Level_Choice</Filter>
    </ClCompile>
    <ClCompile Include="Level_Login.cpp">
      <Filter>04.Level_Manager\Levels\04_02.Level_Login</Filter>
    </ClCompile>
    <ClCompile Include="GameObject.cpp">
      <Filter>05.Object_Manager\Objects</Filter>
    </ClCompile>
    <ClCompile Include="UI_Manager.cpp">
      <Filter>06.UI_Manager</Filter>
    </ClCompile>
    <ClCompile Include="UI.cpp">
      <Filter>06.UI_Manager\UIs</Filter>
    </ClCompile>
    <ClCompile Include="Collision_Manager.cpp">
      <Filter>08.Collision_Manager</Filter>
    </ClCompile>
    <ClCompile Include="Input_Manager.cpp">
      <Filter>10.Input_Manager</Filter>
    </ClCompile>
    <ClCompile Include="Network_Manager.cpp">
      <Filter>09.Network_Manager</Filter>
    </ClCompile>
    <ClCompile Include="UI_Button.cpp">
      <Filter>06.UI_Manager\UIs\06_01.UI_Button</Filter>
    </ClCompile>
  </ItemGroup>
  <ItemGroup>
    <Filter Include="01.MainApp">
      <UniqueIdentifier>{591d997c-02d0-489f-9c6d-57f41932093a}</UniqueIdentifier>
    </Filter>
    <Filter Include="99.Utility">
      <UniqueIdentifier>{10a2e126-e2c2-468a-a58d-13fadb5edda2}</UniqueIdentifier>
    </Filter>
    <Filter Include="99.Utility\99_01.Define">
      <UniqueIdentifier>{ce976c80-dcde-47af-90ad-d716151f96c6}</UniqueIdentifier>
    </Filter>
    <Filter Include="99.Utility\99_00.Pch">
      <UniqueIdentifier>{0e12e75f-8344-47aa-acab-b461378db399}</UniqueIdentifier>
    </Filter>
    <Filter Include="00.Client">
      <UniqueIdentifier>{5cc04ada-c129-4a40-b7f7-0588838a8098}</UniqueIdentifier>
    </Filter>
    <Filter Include="02.Timer_Manager">
      <UniqueIdentifier>{74f777b3-2e38-4a7a-a18f-9583e11ab999}</UniqueIdentifier>
    </Filter>
    <Filter Include="03.Bmp_Manager">
      <UniqueIdentifier>{9e79e224-dc62-419e-9820-d11e4d75f9cc}</UniqueIdentifier>
    </Filter>
    <Filter Include="03.Bmp_Manager\MyBmp">
      <UniqueIdentifier>{581e52aa-4c0d-4cfd-a541-76d70529686e}</UniqueIdentifier>
    </Filter>
    <Filter Include="04.Level_Manager">
      <UniqueIdentifier>{ca87ec17-06eb-4096-85eb-8b8a69f48694}</UniqueIdentifier>
    </Filter>
    <Filter Include="05.Object_Manager">
      <UniqueIdentifier>{b0e10bb6-7c30-4e77-9c52-8a3e8fe0d96e}</UniqueIdentifier>
    </Filter>
    <Filter Include="04.Level_Manager\Levels">
      <UniqueIdentifier>{729e24fd-911e-429e-8984-cabace84f367}</UniqueIdentifier>
    </Filter>
    <Filter Include="05.Object_Manager\Objects">
      <UniqueIdentifier>{fda531c4-7263-4bec-942b-05aeaa02ddf0}</UniqueIdentifier>
    </Filter>
    <Filter Include="04.Level_Manager\Levels\04_01.Level_Menu">
      <UniqueIdentifier>{e76b8966-eb04-4622-a928-11e18ae4144e}</UniqueIdentifier>
    </Filter>
    <Filter Include="04.Level_Manager\Levels\04_03.Level_Choice">
      <UniqueIdentifier>{154ba5b5-9c7b-4510-8550-6cdf318a26ce}</UniqueIdentifier>
    </Filter>
    <Filter Include="04.Level_Manager\Levels\04_02.Level_Login">
      <UniqueIdentifier>{492aba86-6ae7-49b2-b8d6-89f895062bc8}</UniqueIdentifier>
    </Filter>
    <Filter Include="06.UI_Manager">
      <UniqueIdentifier>{9829ad75-5faa-448f-91bf-4abdeb52693d}</UniqueIdentifier>
    </Filter>
    <Filter Include="06.UI_Manager\UIs">
      <UniqueIdentifier>{d94dd164-b164-4d5e-a83e-0e91905b155e}</UniqueIdentifier>
    </Filter>
    <Filter Include="08.Collision_Manager">
      <UniqueIdentifier>{7b51fd74-9ef1-4f02-8b78-4ff63498d2b2}</UniqueIdentifier>
    </Filter>
    <Filter Include="09.Network_Manager">
      <UniqueIdentifier>{9dd86451-d4fd-4a62-b0e3-3cfd9911cac7}</UniqueIdentifier>
    </Filter>
    <Filter Include="10.Input_Manager">
      <UniqueIdentifier>{a5fd2c23-456d-4f88-a7aa-cefb76e7ed3a}</UniqueIdentifier>
    </Filter>
    <Filter Include="07.Room_Manager">
      <UniqueIdentifier>{e3b81346-87f4-4155-84d7-394ca1516dca}</UniqueIdentifier>
    </Filter>
    <Filter Include="06.UI_Manager\UIs\06_01.UI_Button">
      <UniqueIdentifier>{cc71e464-d8cc-4df3-ac82-81c557ed542f}</UniqueIdentifier>
    </Filter>
  </ItemGroup>
  <ItemGroup>
    <ClInclude Include="MainApp.h">
      <Filter>01.MainApp</Filter>
    </ClInclude>
    <ClInclude Include="pch.h">
      <Filter>99.Utility\99_00.Pch</Filter>
    </ClInclude>
    <ClInclude Include="define.h">
      <Filter>99.Utility\99_01.Define</Filter>
    </ClInclude>
    <ClInclude Include="Timer_Manager.h">
      <Filter>02.Timer_Manager</Filter>
    </ClInclude>
    <ClInclude Include="Bmp_Manager.h">
      <Filter>03.Bmp_Manager</Filter>
    </ClInclude>
    <ClInclude Include="MyBmp.h">
      <Filter>03.Bmp_Manager\MyBmp</Filter>
    </ClInclude>
    <ClInclude Include="Level_Manager.h">
      <Filter>04.Level_Manager</Filter>
    </ClInclude>
    <ClInclude Include="Object_Manager.h">
      <Filter>05.Object_Manager</Filter>
    </ClInclude>
    <ClInclude Include="Level.h">
      <Filter>04.Level_Manager\Levels</Filter>
    </ClInclude>
    <ClInclude Include="Level_Menu.h">
      <Filter>04.Level_Manager\Levels\04_01.Level_Menu</Filter>
    </ClInclude>
    <ClInclude Include="Level_Choice.h">
      <Filter>04.Level_Manager\Levels\04_03.Level_Choice</Filter>
    </ClInclude>
    <ClInclude Include="Level_Login.h">
      <Filter>04.Level_Manager\Levels\04_02.Level_Login</Filter>
    </ClInclude>
    <ClInclude Include="GameObject.h">
      <Filter>05.Object_Manager\Objects</Filter>
    </ClInclude>
    <ClInclude Include="UI_Manager.h">
      <Filter>06.UI_Manager</Filter>
    </ClInclude>
    <ClInclude Include="UI.h">
      <Filter>06.UI_Manager\UIs</Filter>
    </ClInclude>
    <ClInclude Include="Collision_Manager.h">
      <Filter>08.Collision_Manager</Filter>
    </ClInclude>
    <ClInclude Include="Input_Manager.h">
      <Filter>10.Input_Manager</Filter>
    </ClInclude>
    <ClInclude Include="Network_Manager.h">
      <Filter>09.Network_Manager</Filter>
    </ClInclude>
    <ClInclude Include="UI_Button.h">
      <Filter>06.UI_Manager\UIs\06_01.UI_Button</Filter>
    </ClInclude>
  </ItemGroup>
  <ItemGroup>
    <Text Include="ResourceLink.txt" />
  </ItemGroup>
</Project>